Microsoft Visual Studio Solution File, Format Version 12.00
# Visual Studio 15
VisualStudioVersion = 15.0.27428.2015
MinimumVisualStudioVersion = 10.0.40219.1
Project("{9A19103F-16F7-4668-BE54-9A1E7A4F7556}") = "OSR.Application", "OSR.Application\OSR.Application.csproj", "{06B2F3F9-E802-4BBE-B272-F8F9AA313817}"
EndProject
Project("{9A19103F-16F7-4668-BE54-9A1E7A4F7556}") = "OSR.Domain", "OSR.Domain\OSR.Domain.csproj", "{899A26CB-712C-4958-B0F3-3288E5483159}"
EndProject
Project("{9A19103F-16F7-4668-BE54-9A1E7A4F7556}") = "OSR.Domain.Common", "OSR.Domain.Common\OSR.Domain.Common.csproj", "{6B4BDC1C-DDB3-45FF-A74E-67CCC9A7349C}"
EndProject
Project("{9A19103F-16F7-4668-BE54-9A1E7A4F7556}") = "OSR.Infrastructure", "OSR.Infrastructure\OSR.Infrastructure.csproj", "{81D38940-1995-4776-AF07-097FEF9F1922}"
EndProject
Project("{9A19103F-16F7-4668-BE54-9A1E7A4F7556}") = "OSR.Infrastructure.Persistance.Sql", "OSR.Infrastructure.Persistance.Sql\OSR.Infrastructure.Persistance.Sql.csproj", "{E8666389-463A-4C12-94A0-33C693816AA6}"
EndProject
Project("{9A19103F-16F7-4668-BE54-9A1E7A4F7556}") = "OSR.MigrateDatabase", "OSR.MigrateDatabase\OSR.MigrateDatabase.csproj", "{B1809377-5F2B-425A-958E-686992BE146C}"
EndProject
Project("{2150E333-8FDC-42A3-9474-1A3956D46DE8}") = "Infrastructure", "Infrastructure", "{205BBDD6-49DF-4F24-8DA4-DA3089C4406A}"
EndProject
Project("{2150E333-8FDC-42A3-9474-1A3956D46DE8}") = "Domain", "Domain", "{CD3723D1-4802-43C0-8207-64BEA350F7BE}"
EndProject
Project("{2150E333-8FDC-42A3-9474-1A3956D46DE8}") = "Application", "Application", "{A7B96517-BB10-45CB-8342-009D8BCBBC5D}"
EndProject
Project("{2150E333-8FDC-42A3-9474-1A3956D46DE8}") = "Tests", "Tests", "{8D8F1394-5D92-4EFA-8F93-D7D4BCB4A072}"
EndProject
Project("{9A19103F-16F7-4668-BE54-9A1E7A4F7556}") = "OSR.Web.Api", "OSR.Web.Api\OSR.Web.Api.csproj", "{1F211B7B-EC95-4640-B805-D3500E6251E5}"
EndProject
Project("{9A19103F-16F7-4668-BE54-9A1E7A4F7556}") = "OSR.Domain.UnitTests", "Tests\OSR.Domain.UnitTests\OSR.Domain.UnitTests.csproj", "{CA97F062-634E-4BFE-817E-62ADB7021FC6}"
EndProject
Project("{E53339B2-1760-4266-BCC7-CA923CBCF16C}") = "docker-compose", "docker-compose.dcproj", "{D2FA82E8-C406-4659-84D4-09ED71C54AE5}"
EndProject
Global
	GlobalSection(SolutionConfigurationPlatforms) = preSolution
		Debug|Any CPU = Debug|Any CPU
		Debug|x64 = Debug|x64
		Debug|x86 = Debug|x86
		Release|Any CPU = Release|Any CPU
		Release|x64 = Release|x64
		Release|x86 = Release|x86
	EndGlobalSection
	GlobalSection(ProjectConfigurationPlatforms) = postSolution
		{06B2F3F9-E802-4BBE-B272-F8F9AA313817}.Debug|Any CPU.ActiveCfg = Debug|Any CPU
		{06B2F3F9-E802-4BBE-B272-F8F9AA313817}.Debug|Any CPU.Build.0 = Debug|Any CPU
		{06B2F3F9-E802-4BBE-B272-F8F9AA313817}.Debug|x64.ActiveCfg = Debug|Any CPU
		{06B2F3F9-E802-4BBE-B272-F8F9AA313817}.Debug|x64.Build.0 = Debug|Any CPU
		{06B2F3F9-E802-4BBE-B272-F8F9AA313817}.Debug|x86.ActiveCfg = Debug|Any CPU
		{06B2F3F9-E802-4BBE-B272-F8F9AA313817}.Debug|x86.Build.0 = Debug|Any CPU
		{06B2F3F9-E802-4BBE-B272-F8F9AA313817}.Release|Any CPU.ActiveCfg = Release|Any CPU
		{06B2F3F9-E802-4BBE-B272-F8F9AA313817}.Release|Any CPU.Build.0 = Release|Any CPU
		{06B2F3F9-E802-4BBE-B272-F8F9AA313817}.Release|x64.ActiveCfg = Release|Any CPU
		{06B2F3F9-E802-4BBE-B272-F8F9AA313817}.Release|x64.Build.0 = Release|Any CPU
		{06B2F3F9-E802-4BBE-B272-F8F9AA313817}.Release|x86.ActiveCfg = Release|Any CPU
		{06B2F3F9-E802-4BBE-B272-F8F9AA313817}.Release|x86.Build.0 = Release|Any CPU
		{899A26CB-712C-4958-B0F3-3288E5483159}.Debug|Any CPU.ActiveCfg = Debug|Any CPU
		{899A26CB-712C-4958-B0F3-3288E5483159}.Debug|Any CPU.Build.0 = Debug|Any CPU
		{899A26CB-712C-4958-B0F3-3288E5483159}.Debug|x64.ActiveCfg = Debug|Any CPU
		{899A26CB-712C-4958-B0F3-3288E5483159}.Debug|x64.Build.0 = Debug|Any CPU
		{899A26CB-712C-4958-B0F3-3288E5483159}.Debug|x86.ActiveCfg = Debug|Any CPU
		{899A26CB-712C-4958-B0F3-3288E5483159}.Debug|x86.Build.0 = Debug|Any CPU
		{899A26CB-712C-4958-B0F3-3288E5483159}.Release|Any CPU.ActiveCfg = Release|Any CPU
		{899A26CB-712C-4958-B0F3-3288E5483159}.Release|Any CPU.Build.0 = Release|Any CPU
		{899A26CB-712C-4958-B0F3-3288E5483159}.Release|x64.ActiveCfg = Release|Any CPU
		{899A26CB-712C-4958-B0F3-3288E5483159}.Release|x64.Build.0 = Release|Any CPU
		{899A26CB-712C-4958-B0F3-3288E5483159}.Release|x86.ActiveCfg = Release|Any CPU
		{899A26CB-712C-4958-B0F3-3288E5483159}.Release|x86.Build.0 = Release|Any CPU
		{6B4BDC1C-DDB3-45FF-A74E-67CCC9A7349C}.Debug|Any CPU.ActiveCfg = Debug|Any CPU
		{6B4BDC1C-DDB3-45FF-A74E-67CCC9A7349C}.Debug|Any CPU.Build.0 = Debug|Any CPU
		{6B4BDC1C-DDB3-45FF-A74E-67CCC9A7349C}.Debug|x64.ActiveCfg = Debug|Any CPU
		{6B4BDC1C-DDB3-45FF-A74E-67CCC9A7349C}.Debug|x64.Build.0 = Debug|Any CPU
		{6B4BDC1C-DDB3-45FF-A74E-67CCC9A7349C}.Debug|x86.ActiveCfg = Debug|Any CPU
		{6B4BDC1C-DDB3-45FF-A74E-67CCC9A7349C}.Debug|x86.Build.0 = Debug|Any CPU
		{6B4BDC1C-DDB3-45FF-A74E-67CCC9A7349C}.Release|Any CPU.ActiveCfg = Release|Any CPU
		{6B4BDC1C-DDB3-45FF-A74E-67CCC9A7349C}.Release|Any CPU.Build.0 = Release|Any CPU
		{6B4BDC1C-DDB3-45FF-A74E-67CCC9A7349C}.Release|x64.ActiveCfg = Release|Any CPU
		{6B4BDC1C-DDB3-45FF-A74E-67CCC9A7349C}.Release|x64.Build.0 = Release|Any CPU
		{6B4BDC1C-DDB3-45FF-A74E-67CCC9A7349C}.Release|x86.ActiveCfg = Release|Any CPU
		{6B4BDC1C-DDB3-45FF-A74E-67CCC9A7349C}.Release|x86.Build.0 = Release|Any CPU
		{81D38940-1995-4776-AF07-097FEF9F1922}.Debug|Any CPU.ActiveCfg = Debug|Any CPU
		{81D38940-1995-4776-AF07-097FEF9F1922}.Debug|Any CPU.Build.0 = Debug|Any CPU
		{81D38940-1995-4776-AF07-097FEF9F1922}.Debug|x64.ActiveCfg = Debug|Any CPU
		{81D38940-1995-4776-AF07-097FEF9F1922}.Debug|x64.Build.0 = Debug|Any CPU
		{81D38940-1995-4776-AF07-097FEF9F1922}.Debug|x86.ActiveCfg = Debug|Any CPU
		{81D38940-1995-4776-AF07-097FEF9F1922}.Debug|x86.Build.0 = Debug|Any CPU
		{81D38940-1995-4776-AF07-097FEF9F1922}.Release|Any CPU.ActiveCfg = Release|Any CPU
		{81D38940-1995-4776-AF07-097FEF9F1922}.Release|Any CPU.Build.0 = Release|Any CPU
		{81D38940-1995-4776-AF07-097FEF9F1922}.Release|x64.ActiveCfg = Release|Any CPU
		{81D38940-1995-4776-AF07-097FEF9F1922}.Release|x64.Build.0 = Release|Any CPU
		{81D38940-1995-4776-AF07-097FEF9F1922}.Release|x86.ActiveCfg = Release|Any CPU
		{81D38940-1995-4776-AF07-097FEF9F1922}.Release|x86.Build.0 = Release|Any CPU
		{E8666389-463A-4C12-94A0-33C693816AA6}.Debug|Any CPU.ActiveCfg = Debug|Any CPU
		{E8666389-463A-4C12-94A0-33C693816AA6}.Debug|Any CPU.Build.0 = Debug|Any CPU
		{E8666389-463A-4C12-94A0-33C693816AA6}.Debug|x64.ActiveCfg = Debug|Any CPU
		{E8666389-463A-4C12-94A0-33C693816AA6}.Debug|x64.Build.0 = Debug|Any CPU
		{E8666389-463A-4C12-94A0-33C693816AA6}.Debug|x86.ActiveCfg = Debug|Any CPU
		{E8666389-463A-4C12-94A0-33C693816AA6}.Debug|x86.Build.0 = Debug|Any CPU
		{E8666389-463A-4C12-94A0-33C693816AA6}.Release|Any CPU.ActiveCfg = Release|Any CPU
		{E8666389-463A-4C12-94A0-33C693816AA6}.Release|Any CPU.Build.0 = Release|Any CPU
		{E8666389-463A-4C12-94A0-33C693816AA6}.Release|x64.ActiveCfg = Release|Any CPU
		{E8666389-463A-4C12-94A0-33C693816AA6}.Release|x64.Build.0 = Release|Any CPU
		{E8666389-463A-4C12-94A0-33C693816AA6}.Release|x86.ActiveCfg = Release|Any CPU
		{E8666389-463A-4C12-94A0-33C693816AA6}.Release|x86.Build.0 = Release|Any CPU
		{B1809377-5F2B-425A-958E-686992BE146C}.Debug|Any CPU.ActiveCfg = Debug|Any CPU
		{B1809377-5F2B-425A-958E-686992BE146C}.Debug|Any CPU.Build.0 = Debug|Any CPU
		{B1809377-5F2B-425A-958E-686992BE146C}.Debug|x64.ActiveCfg = Debug|Any CPU
		{B1809377-5F2B-425A-958E-686992BE146C}.Debug|x64.Build.0 = Debug|Any CPU
		{B1809377-5F2B-425A-958E-686992BE146C}.Debug|x86.ActiveCfg = Debug|Any CPU
		{B1809377-5F2B-425A-958E-686992BE146C}.Debug|x86.Build.0 = Debug|Any CPU
		{B1809377-5F2B-425A-958E-686992BE146C}.Release|Any CPU.ActiveCfg = Release|Any CPU
		{B1809377-5F2B-425A-958E-686992BE146C}.Release|Any CPU.Build.0 = Release|Any CPU
		{B1809377-5F2B-425A-958E-686992BE146C}.Release|x64.ActiveCfg = Release|Any CPU
		{B1809377-5F2B-425A-958E-686992BE146C}.Release|x64.Build.0 = Release|Any CPU
		{B1809377-5F2B-425A-958E-686992BE146C}.Release|x86.ActiveCfg = Release|Any CPU
		{B1809377-5F2B-425A-958E-686992BE146C}.Release|x86.Build.0 = Release|Any CPU
		{1F211B7B-EC95-4640-B805-D3500E6251E5}.Debug|Any CPU.ActiveCfg = Debug|Any CPU
		{1F211B7B-EC95-4640-B805-D3500E6251E5}.Debug|Any CPU.Build.0 = Debug|Any CPU
		{1F211B7B-EC95-4640-B805-D3500E6251E5}.Debug|x64.ActiveCfg = Debug|Any CPU
		{1F211B7B-EC95-4640-B805-D3500E6251E5}.Debug|x64.Build.0 = Debug|Any CPU
		{1F211B7B-EC95-4640-B805-D3500E6251E5}.Debug|x86.ActiveCfg = Debug|Any CPU
		{1F211B7B-EC95-4640-B805-D3500E6251E5}.Debug|x86.Build.0 = Debug|Any CPU
		{1F211B7B-EC95-4640-B805-D3500E6251E5}.Release|Any CPU.ActiveCfg = Release|Any CPU
		{1F211B7B-EC95-4640-B805-D3500E6251E5}.Release|Any CPU.Build.0 = Release|Any CPU
		{1F211B7B-EC95-4640-B805-D3500E6251E5}.Release|x64.ActiveCfg = Release|Any CPU
		{1F211B7B-EC95-4640-B805-D3500E6251E5}.Release|x64.Build.0 = Release|Any CPU
		{1F211B7B-EC95-4640-B805-D3500E6251E5}.Release|x86.ActiveCfg = Release|Any CPU
		{1F211B7B-EC95-4640-B805-D3500E6251E5}.Release|x86.Build.0 = Release|Any CPU
		{CA97F062-634E-4BFE-817E-62ADB7021FC6}.Debug|Any CPU.ActiveCfg = Debug|Any CPU
		{CA97F062-634E-4BFE-817E-62ADB7021FC6}.Debug|Any CPU.Build.0 = Debug|Any CPU
		{CA97F062-634E-4BFE-817E-62ADB7021FC6}.Debug|x64.ActiveCfg = Debug|Any CPU
		{CA97F062-634E-4BFE-817E-62ADB7021FC6}.Debug|x64.Build.0 = Debug|Any CPU
		{CA97F062-634E-4BFE-817E-62ADB7021FC6}.Debug|x86.ActiveCfg = Debug|Any CPU
		{CA97F062-634E-4BFE-817E-62ADB7021FC6}.Debug|x86.Build.0 = Debug|Any CPU
		{CA97F062-634E-4BFE-817E-62ADB7021FC6}.Release|Any CPU.ActiveCfg = Release|Any CPU
		{CA97F062-634E-4BFE-817E-62ADB7021FC6}.Release|Any CPU.Build.0 = Release|Any CPU
		{CA97F062-634E-4BFE-817E-62ADB7021FC6}.Release|x64.ActiveCfg = Release|Any CPU
		{CA97F062-634E-4BFE-817E-62ADB7021FC6}.Release|x64.Build.0 = Release|Any CPU
		{CA97F062-634E-4BFE-817E-62ADB7021FC6}.Release|x86.ActiveCfg = Release|Any CPU
		{CA97F062-634E-4BFE-817E-62ADB7021FC6}.Release|x86.Build.0 = Release|Any CPU
		{D2FA82E8-C406-4659-84D4-09ED71C54AE5}.Debug|Any CPU.ActiveCfg = Debug|Any CPU
		{D2FA82E8-C406-4659-84D4-09ED71C54AE5}.Debug|Any CPU.Build.0 = Debug|Any CPU
		{D2FA82E8-C406-4659-84D4-09ED71C54AE5}.Debug|x64.ActiveCfg = Debug|Any CPU
		{D2FA82E8-C406-4659-84D4-09ED71C54AE5}.Debug|x64.Build.0 = Debug|Any CPU
		{D2FA82E8-C406-4659-84D4-09ED71C54AE5}.Debug|x86.ActiveCfg = Debug|Any CPU
		{D2FA82E8-C406-4659-84D4-09ED71C54AE5}.Debug|x86.Build.0 = Debug|Any CPU
		{D2FA82E8-C406-4659-84D4-09ED71C54AE5}.Release|Any CPU.ActiveCfg = Release|Any CPU
		{D2FA82E8-C406-4659-84D4-09ED71C54AE5}.Release|Any CPU.Build.0 = Release|Any CPU
		{D2FA82E8-C406-4659-84D4-09ED71C54AE5}.Release|x64.ActiveCfg = Release|Any CPU
		{D2FA82E8-C406-4659-84D4-09ED71C54AE5}.Release|x64.Build.0 = Release|Any CPU
		{D2FA82E8-C406-4659-84D4-09ED71C54AE5}.Release|x86.ActiveCfg = Release|Any CPU
		{D2FA82E8-C406-4659-84D4-09ED71C54AE5}.Release|x86.Build.0 = Release|Any CPU
	EndGlobalSection
	GlobalSection(SolutionProperties) = preSolution
		HideSolutionNode = FALSE
	EndGlobalSection
	GlobalSection(NestedProjects) = preSolution
		{06B2F3F9-E802-4BBE-B272-F8F9AA313817} = {A7B96517-BB10-45CB-8342-009D8BCBBC5D}
		{899A26CB-712C-4958-B0F3-3288E5483159} = {CD3723D1-4802-43C0-8207-64BEA350F7BE}
		{6B4BDC1C-DDB3-45FF-A74E-67CCC9A7349C} = {CD3723D1-4802-43C0-8207-64BEA350F7BE}
		{81D38940-1995-4776-AF07-097FEF9F1922} = {205BBDD6-49DF-4F24-8DA4-DA3089C4406A}
		{E8666389-463A-4C12-94A0-33C693816AA6} = {205BBDD6-49DF-4F24-8DA4-DA3089C4406A}
		{CA97F062-634E-4BFE-817E-62ADB7021FC6} = {8D8F1394-5D92-4EFA-8F93-D7D4BCB4A072}
	EndGlobalSection
	GlobalSection(ExtensibilityGlobals) = postSolution
		SolutionGuid = {D01039C6-005C-446F-A430-0E1AAD2DFB7E}
	EndGlobalSection
EndGlobal
